
Microsoft Visual Studio Solution File, Format Version 12.00
# Visual Studio 2013
VisualStudioVersion = 12.0.30501.0
MinimumVisualStudioVersion = 10.0.40219.1
Project("{FAE04EC0-301F-11D3-BF4B-00C04F79EFBC}") = "Box2DCS", "Box2DCS\Box2DCS.csproj", "{D050629F-77C1-43F4-B719-DB75292D1A6C}"
	ProjectSection(ProjectDependencies) = postProject
		{D7007353-EB3E-4F22-A23B-CFFE0B5D4AD0} = {D7007353-EB3E-4F22-A23B-CFFE0B5D4AD0}
	EndProjectSection
EndProject
Project("{FAE04EC0-301F-11D3-BF4B-00C04F79EFBC}") = "Box2DCSDemo", "Box2DCSDemo\Box2DCSDemo.csproj", "{F03F5333-DCBB-4FE8-B997-980E048743B5}"
EndProject
Project("{8BC9CEB8-8B4A-11D0-8D11-00A0C91BC942}") = "Box2DSwig", "Box2DSwig\Box2DSwig.vcxproj", "{D7007353-EB3E-4F22-A23B-CFFE0B5D4AD0}"
EndProject
Project("{FAE04EC0-301F-11D3-BF4B-00C04F79EFBC}") = "Box2DCSAndroid", "Box2DCSAndroid\Box2DCSAndroid.csproj", "{4A875C2F-0B89-4C20-912B-68F628A375DC}"
EndProject
Project("{D954291E-2A0B-460D-934E-DC6B0785DB48}") = "Box2DCS.Shared", "Box2DCS.Shared\Box2DCS.Shared.shproj", "{E5802288-DC40-40A7-B5CC-91382CEC1662}"
EndProject
Project("{2150E333-8FDC-42A3-9474-1A3956D46DE8}") = "Android", "Android", "{68D90F62-D8BB-4A54-9A84-996B86D27BC6}"
EndProject
Project("{2150E333-8FDC-42A3-9474-1A3956D46DE8}") = "Desktop", "Desktop", "{F9552B17-B495-4EC9-8386-345078ED0412}"
EndProject
Project("{FAE04EC0-301F-11D3-BF4B-00C04F79EFBC}") = "Box2DCSAndroidLib", "Box2DCSAndroidLib\Box2DCSAndroidLib.csproj", "{60299CF9-65A9-47D4-BE47-BF6E9535B623}"
EndProject
Project("{2150E333-8FDC-42A3-9474-1A3956D46DE8}") = "iOS", "iOS", "{BE0832C7-F7A2-4F83-A951-160397672385}"
EndProject
Project("{FAE04EC0-301F-11D3-BF4B-00C04F79EFBC}") = "Box2DCSiOS", "Box2DCSiOS\Box2DCSiOS.csproj", "{40E34902-9220-4571-880D-9AFAC24E4B50}"
EndProject
Project("{FAE04EC0-301F-11D3-BF4B-00C04F79EFBC}") = "Box2DCSiOSLib", "Box2DCSiOSLib\Box2DCSiOSLib.csproj", "{BC42D6A3-6184-4A21-88B7-91FC9F05FD64}"
EndProject
Global
	GlobalSection(SharedMSBuildProjectFiles) = preSolution
		Box2DCS.Shared\Box2DCS.Shared.projitems*{e5802288-dc40-40a7-b5cc-91382cec1662}*SharedItemsImports = 13
		Box2DCS.Shared\Box2DCS.Shared.projitems*{60299cf9-65a9-47d4-be47-bf6e9535b623}*SharedItemsImports = 4
		Box2DCS.Shared\Box2DCS.Shared.projitems*{bc42d6a3-6184-4a21-88b7-91fc9f05fd64}*SharedItemsImports = 4
		Box2DCS.Shared\Box2DCS.Shared.projitems*{d050629f-77c1-43f4-b719-db75292d1a6c}*SharedItemsImports = 4
	EndGlobalSection
	GlobalSection(SolutionConfigurationPlatforms) = preSolution
		Ad-Hoc|Any CPU = Ad-Hoc|Any CPU
		Ad-Hoc|iPhone = Ad-Hoc|iPhone
		Ad-Hoc|iPhoneSimulator = Ad-Hoc|iPhoneSimulator
		Ad-Hoc|Mixed Platforms = Ad-Hoc|Mixed Platforms
		Ad-Hoc|Win32 = Ad-Hoc|Win32
		AppStore|Any CPU = AppStore|Any CPU
		AppStore|iPhone = AppStore|iPhone
		AppStore|iPhoneSimulator = AppStore|iPhoneSimulator
		AppStore|Mixed Platforms = AppStore|Mixed Platforms
		AppStore|Win32 = AppStore|Win32
		Debug|Any CPU = Debug|Any CPU
		Debug|iPhone = Debug|iPhone
		Debug|iPhoneSimulator = Debug|iPhoneSimulator
		Debug|Mixed Platforms = Debug|Mixed Platforms
		Debug|Win32 = Debug|Win32
		Release|Any CPU = Release|Any CPU
		Release|iPhone = Release|iPhone
		Release|iPhoneSimulator = Release|iPhoneSimulator
		Release|Mixed Platforms = Release|Mixed Platforms
		Release|Win32 = Release|Win32
	EndGlobalSection
	GlobalSection(ProjectConfigurationPlatforms) = postSolution
		{D050629F-77C1-43F4-B719-DB75292D1A6C}.Ad-Hoc|Any CPU.ActiveCfg = Release|Any CPU
		{D050629F-77C1-43F4-B719-DB75292D1A6C}.Ad-Hoc|Any CPU.Build.0 = Release|Any CPU
		{D050629F-77C1-43F4-B719-DB75292D1A6C}.Ad-Hoc|iPhone.ActiveCfg = Release|Any CPU
		{D050629F-77C1-43F4-B719-DB75292D1A6C}.Ad-Hoc|iPhoneSimulator.ActiveCfg = Release|Any CPU
		{D050629F-77C1-43F4-B719-DB75292D1A6C}.Ad-Hoc|Mixed Platforms.ActiveCfg = Release|Any CPU
		{D050629F-77C1-43F4-B719-DB75292D1A6C}.Ad-Hoc|Mixed Platforms.Build.0 = Release|Any CPU
		{D050629F-77C1-43F4-B719-DB75292D1A6C}.Ad-Hoc|Win32.ActiveCfg = Release|Any CPU
		{D050629F-77C1-43F4-B719-DB75292D1A6C}.AppStore|Any CPU.ActiveCfg = Release|Any CPU
		{D050629F-77C1-43F4-B719-DB75292D1A6C}.AppStore|Any CPU.Build.0 = Release|Any CPU
		{D050629F-77C1-43F4-B719-DB75292D1A6C}.AppStore|iPhone.ActiveCfg = Release|Any CPU
		{D050629F-77C1-43F4-B719-DB75292D1A6C}.AppStore|iPhoneSimulator.ActiveCfg = Release|Any CPU
		{D050629F-77C1-43F4-B719-DB75292D1A6C}.AppStore|Mixed Platforms.ActiveCfg = Release|Any CPU
		{D050629F-77C1-43F4-B719-DB75292D1A6C}.AppStore|Mixed Platforms.Build.0 = Release|Any CPU
		{D050629F-77C1-43F4-B719-DB75292D1A6C}.AppStore|Win32.ActiveCfg = Release|Any CPU
		{D050629F-77C1-43F4-B719-DB75292D1A6C}.Debug|Any CPU.ActiveCfg = Debug|Any CPU
		{D050629F-77C1-43F4-B719-DB75292D1A6C}.Debug|Any CPU.Build.0 = Debug|Any CPU
		{D050629F-77C1-43F4-B719-DB75292D1A6C}.Debug|iPhone.ActiveCfg = Debug|Any CPU
		{D050629F-77C1-43F4-B719-DB75292D1A6C}.Debug|iPhoneSimulator.ActiveCfg = Debug|Any CPU
		{D050629F-77C1-43F4-B719-DB75292D1A6C}.Debug|Mixed Platforms.ActiveCfg = Debug|Any CPU
		{D050629F-77C1-43F4-B719-DB75292D1A6C}.Debug|Mixed Platforms.Build.0 = Debug|Any CPU
		{D050629F-77C1-43F4-B719-DB75292D1A6C}.Debug|Win32.ActiveCfg = Debug|Any CPU
		{D050629F-77C1-43F4-B719-DB75292D1A6C}.Release|Any CPU.ActiveCfg = Release|Any CPU
		{D050629F-77C1-43F4-B719-DB75292D1A6C}.Release|Any CPU.Build.0 = Release|Any CPU
		{D050629F-77C1-43F4-B719-DB75292D1A6C}.Release|iPhone.ActiveCfg = Release|Any CPU
		{D050629F-77C1-43F4-B719-DB75292D1A6C}.Release|iPhoneSimulator.ActiveCfg = Release|Any CPU
		{D050629F-77C1-43F4-B719-DB75292D1A6C}.Release|Mixed Platforms.ActiveCfg = Release|Any CPU
		{D050629F-77C1-43F4-B719-DB75292D1A6C}.Release|Mixed Platforms.Build.0 = Release|Any CPU
		{D050629F-77C1-43F4-B719-DB75292D1A6C}.Release|Win32.ActiveCfg = Release|Any CPU
		{F03F5333-DCBB-4FE8-B997-980E048743B5}.Ad-Hoc|Any CPU.ActiveCfg = Release|Any CPU
		{F03F5333-DCBB-4FE8-B997-980E048743B5}.Ad-Hoc|Any CPU.Build.0 = Release|Any CPU
		{F03F5333-DCBB-4FE8-B997-980E048743B5}.Ad-Hoc|iPhone.ActiveCfg = Release|Any CPU
		{F03F5333-DCBB-4FE8-B997-980E048743B5}.Ad-Hoc|iPhoneSimulator.ActiveCfg = Release|Any CPU
		{F03F5333-DCBB-4FE8-B997-980E048743B5}.Ad-Hoc|Mixed Platforms.ActiveCfg = Release|Any CPU
		{F03F5333-DCBB-4FE8-B997-980E048743B5}.Ad-Hoc|Mixed Platforms.Build.0 = Release|Any CPU
		{F03F5333-DCBB-4FE8-B997-980E048743B5}.Ad-Hoc|Win32.ActiveCfg = Release|Any CPU
		{F03F5333-DCBB-4FE8-B997-980E048743B5}.AppStore|Any CPU.ActiveCfg = Release|Any CPU
		{F03F5333-DCBB-4FE8-B997-980E048743B5}.AppStore|Any CPU.Build.0 = Release|Any CPU
		{F03F5333-DCBB-4FE8-B997-980E048743B5}.AppStore|iPhone.ActiveCfg = Release|Any CPU
		{F03F5333-DCBB-4FE8-B997-980E048743B5}.AppStore|iPhoneSimulator.ActiveCfg = Release|Any CPU
		{F03F5333-DCBB-4FE8-B997-980E048743B5}.AppStore|Mixed Platforms.ActiveCfg = Release|Any CPU
		{F03F5333-DCBB-4FE8-B997-980E048743B5}.AppStore|Mixed Platforms.Build.0 = Release|Any CPU
		{F03F5333-DCBB-4FE8-B997-980E048743B5}.AppStore|Win32.ActiveCfg = Release|Any CPU
		{F03F5333-DCBB-4FE8-B997-980E048743B5}.Debug|Any CPU.ActiveCfg = Debug|Any CPU
		{F03F5333-DCBB-4FE8-B997-980E048743B5}.Debug|Any CPU.Build.0 = Debug|Any CPU
		{F03F5333-DCBB-4FE8-B997-980E048743B5}.Debug|iPhone.ActiveCfg = Debug|Any CPU
		{F03F5333-DCBB-4FE8-B997-980E048743B5}.Debug|iPhoneSimulator.ActiveCfg = Debug|Any CPU
		{F03F5333-DCBB-4FE8-B997-980E048743B5}.Debug|Mixed Platforms.ActiveCfg = Debug|Any CPU
		{F03F5333-DCBB-4FE8-B997-980E048743B5}.Debug|Mixed Platforms.Build.0 = Debug|Any CPU
		{F03F5333-DCBB-4FE8-B997-980E048743B5}.Debug|Win32.ActiveCfg = Debug|Any CPU
		{F03F5333-DCBB-4FE8-B997-980E048743B5}.Release|Any CPU.ActiveCfg = Release|Any CPU
		{F03F5333-DCBB-4FE8-B997-980E048743B5}.Release|Any CPU.Build.0 = Release|Any CPU
		{F03F5333-DCBB-4FE8-B997-980E048743B5}.Release|iPhone.ActiveCfg = Release|Any CPU
		{F03F5333-DCBB-4FE8-B997-980E048743B5}.Release|iPhoneSimulator.ActiveCfg = Release|Any CPU
		{F03F5333-DCBB-4FE8-B997-980E048743B5}.Release|Mixed Platforms.ActiveCfg = Release|Any CPU
		{F03F5333-DCBB-4FE8-B997-980E048743B5}.Release|Mixed Platforms.Build.0 = Release|Any CPU
		{F03F5333-DCBB-4FE8-B997-980E048743B5}.Release|Win32.ActiveCfg = Release|Any CPU
		{D7007353-EB3E-4F22-A23B-CFFE0B5D4AD0}.Ad-Hoc|Any CPU.ActiveCfg = Release|Win32
		{D7007353-EB3E-4F22-A23B-CFFE0B5D4AD0}.Ad-Hoc|iPhone.ActiveCfg = Release|Win32
		{D7007353-EB3E-4F22-A23B-CFFE0B5D4AD0}.Ad-Hoc|iPhoneSimulator.ActiveCfg = Release|Win32
		{D7007353-EB3E-4F22-A23B-CFFE0B5D4AD0}.Ad-Hoc|Mixed Platforms.ActiveCfg = Release|Win32
		{D7007353-EB3E-4F22-A23B-CFFE0B5D4AD0}.Ad-Hoc|Mixed Platforms.Build.0 = Release|Win32
		{D7007353-EB3E-4F22-A23B-CFFE0B5D4AD0}.Ad-Hoc|Win32.ActiveCfg = Release|Win32
		{D7007353-EB3E-4F22-A23B-CFFE0B5D4AD0}.Ad-Hoc|Win32.Build.0 = Release|Win32
		{D7007353-EB3E-4F22-A23B-CFFE0B5D4AD0}.AppStore|Any CPU.ActiveCfg = Release|Win32
		{D7007353-EB3E-4F22-A23B-CFFE0B5D4AD0}.AppStore|iPhone.ActiveCfg = Release|Win32
		{D7007353-EB3E-4F22-A23B-CFFE0B5D4AD0}.AppStore|iPhoneSimulator.ActiveCfg = Release|Win32
		{D7007353-EB3E-4F22-A23B-CFFE0B5D4AD0}.AppStore|Mixed Platforms.ActiveCfg = Release|Win32
		{D7007353-EB3E-4F22-A23B-CFFE0B5D4AD0}.AppStore|Mixed Platforms.Build.0 = Release|Win32
		{D7007353-EB3E-4F22-A23B-CFFE0B5D4AD0}.AppStore|Win32.ActiveCfg = Release|Win32
		{D7007353-EB3E-4F22-A23B-CFFE0B5D4AD0}.AppStore|Win32.Build.0 = Release|Win32
		{D7007353-EB3E-4F22-A23B-CFFE0B5D4AD0}.Debug|Any CPU.ActiveCfg = Debug|Win32
		{D7007353-EB3E-4F22-A23B-CFFE0B5D4AD0}.Debug|iPhone.ActiveCfg = Debug|Win32
		{D7007353-EB3E-4F22-A23B-CFFE0B5D4AD0}.Debug|iPhoneSimulator.ActiveCfg = Debug|Win32
		{D7007353-EB3E-4F22-A23B-CFFE0B5D4AD0}.Debug|Mixed Platforms.ActiveCfg = Debug|Win32
		{D7007353-EB3E-4F22-A23B-CFFE0B5D4AD0}.Debug|Mixed Platforms.Build.0 = Debug|Win32
		{D7007353-EB3E-4F22-A23B-CFFE0B5D4AD0}.Debug|Win32.ActiveCfg = Debug|Win32
		{D7007353-EB3E-4F22-A23B-CFFE0B5D4AD0}.Debug|Win32.Build.0 = Debug|Win32
		{D7007353-EB3E-4F22-A23B-CFFE0B5D4AD0}.Release|Any CPU.ActiveCfg = Release|Win32
		{D7007353-EB3E-4F22-A23B-CFFE0B5D4AD0}.Release|iPhone.ActiveCfg = Release|Win32
		{D7007353-EB3E-4F22-A23B-CFFE0B5D4AD0}.Release|iPhoneSimulator.ActiveCfg = Release|Win32
		{D7007353-EB3E-4F22-A23B-CFFE0B5D4AD0}.Release|Mixed Platforms.ActiveCfg = Release|Win32
		{D7007353-EB3E-4F22-A23B-CFFE0B5D4AD0}.Release|Mixed Platforms.Build.0 = Release|Win32
		{D7007353-EB3E-4F22-A23B-CFFE0B5D4AD0}.Release|Win32.ActiveCfg = Release|Win32
		{D7007353-EB3E-4F22-A23B-CFFE0B5D4AD0}.Release|Win32.Build.0 = Release|Win32
		{4A875C2F-0B89-4C20-912B-68F628A375DC}.Ad-Hoc|Any CPU.ActiveCfg = Release|Any CPU
		{4A875C2F-0B89-4C20-912B-68F628A375DC}.Ad-Hoc|Any CPU.Build.0 = Release|Any CPU
		{4A875C2F-0B89-4C20-912B-68F628A375DC}.Ad-Hoc|Any CPU.Deploy.0 = Release|Any CPU
		{4A875C2F-0B89-4C20-912B-68F628A375DC}.Ad-Hoc|iPhone.ActiveCfg = Release|Any CPU
		{4A875C2F-0B89-4C20-912B-68F628A375DC}.Ad-Hoc|iPhoneSimulator.ActiveCfg = Release|Any CPU
		{4A875C2F-0B89-4C20-912B-68F628A375DC}.Ad-Hoc|Mixed Platforms.ActiveCfg = Release|Any CPU
		{4A875C2F-0B89-4C20-912B-68F628A375DC}.Ad-Hoc|Mixed Platforms.Build.0 = Release|Any CPU
		{4A875C2F-0B89-4C20-912B-68F628A375DC}.Ad-Hoc|Mixed Platforms.Deploy.0 = Release|Any CPU
		{4A875C2F-0B89-4C20-912B-68F628A375DC}.Ad-Hoc|Win32.ActiveCfg = Release|Any CPU
		{4A875C2F-0B89-4C20-912B-68F628A375DC}.AppStore|Any CPU.ActiveCfg = Release|Any CPU
		{4A875C2F-0B89-4C20-912B-68F628A375DC}.AppStore|Any CPU.Build.0 = Release|Any CPU
		{4A875C2F-0B89-4C20-912B-68F628A375DC}.AppStore|Any CPU.Deploy.0 = Release|Any CPU
		{4A875C2F-0B89-4C20-912B-68F628A375DC}.AppStore|iPhone.ActiveCfg = Release|Any CPU
		{4A875C2F-0B89-4C20-912B-68F628A375DC}.AppStore|iPhoneSimulator.ActiveCfg = Release|Any CPU
		{4A875C2F-0B89-4C20-912B-68F628A375DC}.AppStore|Mixed Platforms.ActiveCfg = Release|Any CPU
		{4A875C2F-0B89-4C20-912B-68F628A375DC}.AppStore|Mixed Platforms.Build.0 = Release|Any CPU
		{4A875C2F-0B89-4C20-912B-68F628A375DC}.AppStore|Mixed Platforms.Deploy.0 = Release|Any CPU
		{4A875C2F-0B89-4C20-912B-68F628A375DC}.AppStore|Win32.ActiveCfg = Release|Any CPU
		{4A875C2F-0B89-4C20-912B-68F628A375DC}.Debug|Any CPU.ActiveCfg = Debug|Any CPU
		{4A875C2F-0B89-4C20-912B-68F628A375DC}.Debug|Any CPU.Build.0 = Debug|Any CPU
		{4A875C2F-0B89-4C20-912B-68F628A375DC}.Debug|Any CPU.Deploy.0 = Debug|Any CPU
		{4A875C2F-0B89-4C20-912B-68F628A375DC}.Debug|iPhone.ActiveCfg = Debug|Any CPU
		{4A875C2F-0B89-4C20-912B-68F628A375DC}.Debug|iPhoneSimulator.ActiveCfg = Debug|Any CPU
		{4A875C2F-0B89-4C20-912B-68F628A375DC}.Debug|Mixed Platforms.ActiveCfg = Debug|Any CPU
		{4A875C2F-0B89-4C20-912B-68F628A375DC}.Debug|Mixed Platforms.Build.0 = Debug|Any CPU
		{4A875C2F-0B89-4C20-912B-68F628A375DC}.Debug|Mixed Platforms.Deploy.0 = Debug|Any CPU
		{4A875C2F-0B89-4C20-912B-68F628A375DC}.Debug|Win32.ActiveCfg = Debug|Any CPU
		{4A875C2F-0B89-4C20-912B-68F628A375DC}.Release|Any CPU.ActiveCfg = Release|Any CPU
		{4A875C2F-0B89-4C20-912B-68F628A375DC}.Release|Any CPU.Build.0 = Release|Any CPU
		{4A875C2F-0B89-4C20-912B-68F628A375DC}.Release|Any CPU.Deploy.0 = Release|Any CPU
		{4A875C2F-0B89-4C20-912B-68F628A375DC}.Release|iPhone.ActiveCfg = Release|Any CPU
		{4A875C2F-0B89-4C20-912B-68F628A375DC}.Release|iPhoneSimulator.ActiveCfg = Release|Any CPU
		{4A875C2F-0B89-4C20-912B-68F628A375DC}.Release|Mixed Platforms.ActiveCfg = Release|Any CPU
		{4A875C2F-0B89-4C20-912B-68F628A375DC}.Release|Mixed Platforms.Build.0 = Release|Any CPU
		{4A875C2F-0B89-4C20-912B-68F628A375DC}.Release|Mixed Platforms.Deploy.0 = Release|Any CPU
		{4A875C2F-0B89-4C20-912B-68F628A375DC}.Release|Win32.ActiveCfg = Release|Any CPU
		{60299CF9-65A9-47D4-BE47-BF6E9535B623}.Ad-Hoc|Any CPU.ActiveCfg = Release|Any CPU
		{60299CF9-65A9-47D4-BE47-BF6E9535B623}.Ad-Hoc|Any CPU.Build.0 = Release|Any CPU
		{60299CF9-65A9-47D4-BE47-BF6E9535B623}.Ad-Hoc|iPhone.ActiveCfg = Release|Any CPU
		{60299CF9-65A9-47D4-BE47-BF6E9535B623}.Ad-Hoc|iPhoneSimulator.ActiveCfg = Release|Any CPU
		{60299CF9-65A9-47D4-BE47-BF6E9535B623}.Ad-Hoc|Mixed Platforms.ActiveCfg = Release|Any CPU
		{60299CF9-65A9-47D4-BE47-BF6E9535B623}.Ad-Hoc|Mixed Platforms.Build.0 = Release|Any CPU
		{60299CF9-65A9-47D4-BE47-BF6E9535B623}.Ad-Hoc|Win32.ActiveCfg = Release|Any CPU
		{60299CF9-65A9-47D4-BE47-BF6E9535B623}.AppStore|Any CPU.ActiveCfg = Release|Any CPU
		{60299CF9-65A9-47D4-BE47-BF6E9535B623}.AppStore|Any CPU.Build.0 = Release|Any CPU
		{60299CF9-65A9-47D4-BE47-BF6E9535B623}.AppStore|iPhone.ActiveCfg = Release|Any CPU
		{60299CF9-65A9-47D4-BE47-BF6E9535B623}.AppStore|iPhoneSimulator.ActiveCfg = Release|Any CPU
		{60299CF9-65A9-47D4-BE47-BF6E9535B623}.AppStore|Mixed Platforms.ActiveCfg = Release|Any CPU
		{60299CF9-65A9-47D4-BE47-BF6E9535B623}.AppStore|Mixed Platforms.Build.0 = Release|Any CPU
		{60299CF9-65A9-47D4-BE47-BF6E9535B623}.AppStore|Win32.ActiveCfg = Release|Any CPU
		{60299CF9-65A9-47D4-BE47-BF6E9535B623}.Debug|Any CPU.ActiveCfg = Debug|Any CPU
		{60299CF9-65A9-47D4-BE47-BF6E9535B623}.Debug|Any CPU.Build.0 = Debug|Any CPU
		{60299CF9-65A9-47D4-BE47-BF6E9535B623}.Debug|iPhone.ActiveCfg = Debug|Any CPU
		{60299CF9-65A9-47D4-BE47-BF6E9535B623}.Debug|iPhoneSimulator.ActiveCfg = Debug|Any CPU
		{60299CF9-65A9-47D4-BE47-BF6E9535B623}.Debug|Mixed Platforms.ActiveCfg = Debug|Any CPU
		{60299CF9-65A9-47D4-BE47-BF6E9535B623}.Debug|Mixed Platforms.Build.0 = Debug|Any CPU
		{60299CF9-65A9-47D4-BE47-BF6E9535B623}.Debug|Win32.ActiveCfg = Debug|Any CPU
		{60299CF9-65A9-47D4-BE47-BF6E9535B623}.Release|Any CPU.ActiveCfg = Release|Any CPU
		{60299CF9-65A9-47D4-BE47-BF6E9535B623}.Release|Any CPU.Build.0 = Release|Any CPU
		{60299CF9-65A9-47D4-BE47-BF6E9535B623}.Release|iPhone.ActiveCfg = Release|Any CPU
		{60299CF9-65A9-47D4-BE47-BF6E9535B623}.Release|iPhoneSimulator.ActiveCfg = Release|Any CPU
		{60299CF9-65A9-47D4-BE47-BF6E9535B623}.Release|Mixed Platforms.ActiveCfg = Release|Any CPU
		{60299CF9-65A9-47D4-BE47-BF6E9535B623}.Release|Mixed Platforms.Build.0 = Release|Any CPU
		{60299CF9-65A9-47D4-BE47-BF6E9535B623}.Release|Win32.ActiveCfg = Release|Any CPU
		{40E34902-9220-4571-880D-9AFAC24E4B50}.Ad-Hoc|Any CPU.ActiveCfg = Ad-Hoc|iPhone
		{40E34902-9220-4571-880D-9AFAC24E4B50}.Ad-Hoc|iPhone.ActiveCfg = Ad-Hoc|iPhone
		{40E34902-9220-4571-880D-9AFAC24E4B50}.Ad-Hoc|iPhone.Build.0 = Ad-Hoc|iPhone
		{40E34902-9220-4571-880D-9AFAC24E4B50}.Ad-Hoc|iPhoneSimulator.ActiveCfg = Ad-Hoc|iPhoneSimulator
		{40E34902-9220-4571-880D-9AFAC24E4B50}.Ad-Hoc|iPhoneSimulator.Build.0 = Ad-Hoc|iPhoneSimulator
		{40E34902-9220-4571-880D-9AFAC24E4B50}.Ad-Hoc|Mixed Platforms.ActiveCfg = Ad-Hoc|iPhone
		{40E34902-9220-4571-880D-9AFAC24E4B50}.Ad-Hoc|Mixed Platforms.Build.0 = Ad-Hoc|iPhone
		{40E34902-9220-4571-880D-9AFAC24E4B50}.Ad-Hoc|Win32.ActiveCfg = Ad-Hoc|iPhone
		{40E34902-9220-4571-880D-9AFAC24E4B50}.AppStore|Any CPU.ActiveCfg = AppStore|iPhone
		{40E34902-9220-4571-880D-9AFAC24E4B50}.AppStore|iPhone.ActiveCfg = AppStore|iPhone
		{40E34902-9220-4571-880D-9AFAC24E4B50}.AppStore|iPhone.Build.0 = AppStore|iPhone
		{40E34902-9220-4571-880D-9AFAC24E4B50}.AppStore|iPhoneSimulator.ActiveCfg = AppStore|iPhoneSimulator
		{40E34902-9220-4571-880D-9AFAC24E4B50}.AppStore|iPhoneSimulator.Build.0 = AppStore|iPhoneSimulator
		{40E34902-9220-4571-880D-9AFAC24E4B50}.AppStore|Mixed Platforms.ActiveCfg = AppStore|iPhone
		{40E34902-9220-4571-880D-9AFAC24E4B50}.AppStore|Mixed Platforms.Build.0 = AppStore|iPhone
		{40E34902-9220-4571-880D-9AFAC24E4B50}.AppStore|Win32.ActiveCfg = AppStore|iPhone
		{40E34902-9220-4571-880D-9AFAC24E4B50}.Debug|Any CPU.ActiveCfg = Debug|iPhone
		{40E34902-9220-4571-880D-9AFAC24E4B50}.Debug|iPhone.ActiveCfg = Debug|iPhone
		{40E34902-9220-4571-880D-9AFAC24E4B50}.Debug|iPhone.Build.0 = Debug|iPhone
		{40E34902-9220-4571-880D-9AFAC24E4B50}.Debug|iPhoneSimulator.ActiveCfg = Debug|iPhoneSimulator
		{40E34902-9220-4571-880D-9AFAC24E4B50}.Debug|iPhoneSimulator.Build.0 = Debug|iPhoneSimulator
		{40E34902-9220-4571-880D-9AFAC24E4B50}.Debug|Mixed Platforms.ActiveCfg = Debug|iPhone
		{40E34902-9220-4571-880D-9AFAC24E4B50}.Debug|Mixed Platforms.Build.0 = Debug|iPhone
		{40E34902-9220-4571-880D-9AFAC24E4B50}.Debug|Win32.ActiveCfg = Debug|iPhone
		{40E34902-9220-4571-880D-9AFAC24E4B50}.Release|Any CPU.ActiveCfg = Release|iPhone
		{40E34902-9220-4571-880D-9AFAC24E4B50}.Release|iPhone.ActiveCfg = Release|iPhone
		{40E34902-9220-4571-880D-9AFAC24E4B50}.Release|iPhone.Build.0 = Release|iPhone
		{40E34902-9220-4571-880D-9AFAC24E4B50}.Release|iPhoneSimulator.ActiveCfg = Release|iPhoneSimulator
		{40E34902-9220-4571-880D-9AFAC24E4B50}.Release|iPhoneSimulator.Build.0 = Release|iPhoneSimulator
		{40E34902-9220-4571-880D-9AFAC24E4B50}.Release|Mixed Platforms.ActiveCfg = Release|iPhone
		{40E34902-9220-4571-880D-9AFAC24E4B50}.Release|Mixed Platforms.Build.0 = Release|iPhone
		{40E34902-9220-4571-880D-9AFAC24E4B50}.Release|Win32.ActiveCfg = Release|iPhone
		{BC42D6A3-6184-4A21-88B7-91FC9F05FD64}.Ad-Hoc|Any CPU.ActiveCfg = Release|Any CPU
		{BC42D6A3-6184-4A21-88B7-91FC9F05FD64}.Ad-Hoc|Any CPU.Build.0 = Release|Any CPU
		{BC42D6A3-6184-4A21-88B7-91FC9F05FD64}.Ad-Hoc|iPhone.ActiveCfg = Release|Any CPU
		{BC42D6A3-6184-4A21-88B7-91FC9F05FD64}.Ad-Hoc|iPhoneSimulator.ActiveCfg = Release|Any CPU
		{BC42D6A3-6184-4A21-88B7-91FC9F05FD64}.Ad-Hoc|Mixed Platforms.ActiveCfg = Release|Any CPU
		{BC42D6A3-6184-4A21-88B7-91FC9F05FD64}.Ad-Hoc|Mixed Platforms.Build.0 = Release|Any CPU
		{BC42D6A3-6184-4A21-88B7-91FC9F05FD64}.Ad-Hoc|Win32.ActiveCfg = Release|Any CPU
		{BC42D6A3-6184-4A21-88B7-91FC9F05FD64}.AppStore|Any CPU.ActiveCfg = Release|Any CPU
		{BC42D6A3-6184-4A21-88B7-91FC9F05FD64}.AppStore|Any CPU.Build.0 = Release|Any CPU
		{BC42D6A3-6184-4A21-88B7-91FC9F05FD64}.AppStore|iPhone.ActiveCfg = Release|Any CPU
		{BC42D6A3-6184-4A21-88B7-91FC9F05FD64}.AppStore|iPhoneSimulator.ActiveCfg = Release|Any CPU
		{BC42D6A3-6184-4A21-88B7-91FC9F05FD64}.AppStore|Mixed Platforms.ActiveCfg = Release|Any CPU
		{BC42D6A3-6184-4A21-88B7-91FC9F05FD64}.AppStore|Mixed Platforms.Build.0 = Release|Any CPU
		{BC42D6A3-6184-4A21-88B7-91FC9F05FD64}.AppStore|Win32.ActiveCfg = Release|Any CPU
		{BC42D6A3-6184-4A21-88B7-91FC9F05FD64}.Debug|Any CPU.ActiveCfg = Debug|Any CPU
		{BC42D6A3-6184-4A21-88B7-91FC9F05FD64}.Debug|Any CPU.Build.0 = Debug|Any CPU
		{BC42D6A3-6184-4A21-88B7-91FC9F05FD64}.Debug|iPhone.ActiveCfg = Debug|Any CPU
		{BC42D6A3-6184-4A21-88B7-91FC9F05FD64}.Debug|iPhoneSimulator.ActiveCfg = Debug|Any CPU
		{BC42D6A3-6184-4A21-88B7-91FC9F05FD64}.Debug|Mixed Platforms.ActiveCfg = Debug|Any CPU
		{BC42D6A3-6184-4A21-88B7-91FC9F05FD64}.Debug|Mixed Platforms.Build.0 = Debug|Any CPU
		{BC42D6A3-6184-4A21-88B7-91FC9F05FD64}.Debug|Win32.ActiveCfg = Debug|Any CPU
		{BC42D6A3-6184-4A21-88B7-91FC9F05FD64}.Release|Any CPU.ActiveCfg = Release|Any CPU
		{BC42D6A3-6184-4A21-88B7-91FC9F05FD64}.Release|Any CPU.Build.0 = Release|Any CPU
		{BC42D6A3-6184-4A21-88B7-91FC9F05FD64}.Release|iPhone.ActiveCfg = Release|Any CPU
		{BC42D6A3-6184-4A21-88B7-91FC9F05FD64}.Release|iPhoneSimulator.ActiveCfg = Release|Any CPU
		{BC42D6A3-6184-4A21-88B7-91FC9F05FD64}.Release|Mixed Platforms.ActiveCfg = Release|Any CPU
		{BC42D6A3-6184-4A21-88B7-91FC9F05FD64}.Release|Mixed Platforms.Build.0 = Release|Any CPU
		{BC42D6A3-6184-4A21-88B7-91FC9F05FD64}.Release|Win32.ActiveCfg = Release|Any CPU
	EndGlobalSection
	GlobalSection(SolutionProperties) = preSolution
		HideSolutionNode = FALSE
	EndGlobalSection
	GlobalSection(NestedProjects) = preSolution
		{D050629F-77C1-43F4-B719-DB75292D1A6C} = {F9552B17-B495-4EC9-8386-345078ED0412}
		{F03F5333-DCBB-4FE8-B997-980E048743B5} = {F9552B17-B495-4EC9-8386-345078ED0412}
		{D7007353-EB3E-4F22-A23B-CFFE0B5D4AD0} = {F9552B17-B495-4EC9-8386-345078ED0412}
		{4A875C2F-0B89-4C20-912B-68F628A375DC} = {68D90F62-D8BB-4A54-9A84-996B86D27BC6}
		{60299CF9-65A9-47D4-BE47-BF6E9535B623} = {68D90F62-D8BB-4A54-9A84-996B86D27BC6}
		{40E34902-9220-4571-880D-9AFAC24E4B50} = {BE0832C7-F7A2-4F83-A951-160397672385}
		{BC42D6A3-6184-4A21-88B7-91FC9F05FD64} = {BE0832C7-F7A2-4F83-A951-160397672385}
	EndGlobalSection
EndGlobal
